// !$*UTF8*$!
{
	archiveVersion = 1;
	classes = {
	};
	objectVersion = 46;
	objects = {

/* Begin PBXBuildFile section */
		D71EE8A71EAF9FF1002DCEF8 /* AppDelegate.swift in Sources */ = {isa = PBXBuildFile; fileRef = D71EE8A61EAF9FF1002DCEF8 /* AppDelegate.swift */; };
		D71EE8A91EAF9FF1002DCEF8 /* GameScene.sks in Resources */ = {isa = PBXBuildFile; fileRef = D71EE8A81EAF9FF1002DCEF8 /* GameScene.sks */; };
		D71EE8AB1EAF9FF1002DCEF8 /* Actions.sks in Resources */ = {isa = PBXBuildFile; fileRef = D71EE8AA1EAF9FF1002DCEF8 /* Actions.sks */; };
		D71EE8AD1EAF9FF1002DCEF8 /* GameScene.swift in Sources */ = {isa = PBXBuildFile; fileRef = D71EE8AC1EAF9FF1002DCEF8 /* GameScene.swift */; };
		D71EE8AF1EAF9FF1002DCEF8 /* GameViewController.swift in Sources */ = {isa = PBXBuildFile; fileRef = D71EE8AE1EAF9FF1002DCEF8 /* GameViewController.swift */; };
		D71EE8B21EAF9FF1002DCEF8 /* Main.storyboard in Resources */ = {isa = PBXBuildFile; fileRef = D71EE8B01EAF9FF1002DCEF8 /* Main.storyboard */; };
		D71EE8B41EAF9FF1002DCEF8 /* Assets.xcassets in Resources */ = {isa = PBXBuildFile; fileRef = D71EE8B31EAF9FF1002DCEF8 /* Assets.xcassets */; };
		D71EE8B71EAF9FF1002DCEF8 /* LaunchScreen.storyboard in Resources */ = {isa = PBXBuildFile; fileRef = D71EE8B51EAF9FF1002DCEF8 /* LaunchScreen.storyboard */; };
/* End PBXBuildFile section */

/* Begin PBXFileReference section */
		D71EE8A31EAF9FF1002DCEF8 /* AirHockey.app */ = {isa = PBXFileReference; explicitFileType = wrapper.application; includeInIndex = 0; path = AirHockey.app; sourceTree = BUILT_PRODUCTS_DIR; };
		D71EE8A61EAF9FF1002DCEF8 /* AppDelegate.swift */ = {isa = PBXFileReference; lastKnownFileType = sourcecode.swift; path = AppDelegate.swift; sourceTree = "<group>"; };
		D71EE8A81EAF9FF1002DCEF8 /* GameScene.sks */ = {isa = PBXFileReference; lastKnownFileType = file.sks; path = GameScene.sks; sourceTree = "<group>"; };
		D71EE8AA1EAF9FF1002DCEF8 /* Actions.sks */ = {isa = PBXFileReference; lastKnownFileType = file.sks; path = Actions.sks; sourceTree = "<group>"; };
		D71EE8AC1EAF9FF1002DCEF8 /* GameScene.swift */ = {isa = PBXFileReference; lastKnownFileType = sourcecode.swift; path = GameScene.swift; sourceTree = "<group>"; };
		D71EE8AE1EAF9FF1002DCEF8 /* GameViewController.swift */ = {isa = PBXFileReference; lastKnownFileType = sourcecode.swift; path = GameViewController.swift; sourceTree = "<group>"; };
		D71EE8B11EAF9FF1002DCEF8 /* Base */ = {isa = PBXFileReference; lastKnownFileType = file.storyboard; name = Base; path = Base.lproj/Main.storyboard; sourceTree = "<group>"; };
		D71EE8B31EAF9FF1002DCEF8 /* Assets.xcassets */ = {isa = PBXFileReference; lastKnownFileType = folder.assetcatalog; path = Assets.xcassets; sourceTree = "<group>"; };
		D71EE8B61EAF9FF1002DCEF8 /* Base */ = {isa = PBXFileReference; lastKnownFileType = file.storyboard; name = Base; path = Base.lproj/LaunchScreen.storyboard; sourceTree = "<group>"; };
		D71EE8B81EAF9FF1002DCEF8 /* Info.plist */ = {isa = PBXFileReference; lastKnownFileType = text.plist.xml; path = Info.plist; sourceTree = "<group>"; };
/* End PBXFileReference section */

/* Begin PBXFrameworksBuildPhase section */
		D71EE8A01EAF9FF1002DCEF8 /* Frameworks */ = {
			isa = PBXFrameworksBuildPhase;
			buildActionMask = 2147483647;
			files = (
			);
			runOnlyForDeploymentPostprocessing = 0;
		};
/* End PBXFrameworksBuildPhase section */

/* Begin PBXGroup section */
		D71EE89A1EAF9FF1002DCEF8 = {
			isa = PBXGroup;
			children = (
				D71EE8A51EAF9FF1002DCEF8 /* AirHockey */,
				D71EE8A41EAF9FF1002DCEF8 /* Products */,
			);
			sourceTree = "<group>";
		};
		D71EE8A41EAF9FF1002DCEF8 /* Products */ = {
			isa = PBXGroup;
			children = (
				D71EE8A31EAF9FF1002DCEF8 /* AirHockey.app */,
			);
			name = Products;
			sourceTree = "<group>";
		};
		D71EE8A51EAF9FF1002DCEF8 /* AirHockey */ = {
			isa = PBXGroup;
			children = (
				D71EE8A61EAF9FF1002DCEF8 /* AppDelegate.swift */,
				D71EE8A81EAF9FF1002DCEF8 /* GameScene.sks */,
				D71EE8AA1EAF9FF1002DCEF8 /* Actions.sks */,
				D71EE8AC1EAF9FF1002DCEF8 /* GameScene.swift */,
				D71EE8AE1EAF9FF1002DCEF8 /* GameViewController.swift */,
				D71EE8B01EAF9FF1002DCEF8 /* Main.storyboard */,
				D71EE8B31EAF9FF1002DCEF8 /* Assets.xcassets */,
				D71EE8B51EAF9FF1002DCEF8 /* LaunchScreen.storyboard */,
				D71EE8B81EAF9FF1002DCEF8 /* Info.plist */,
			);
			path = AirHockey;
			sourceTree = "<group>";
		};
/* End PBXGroup section */

/* Begin PBXNativeTarget section */
		D71EE8A21EAF9FF1002DCEF8 /* AirHockey */ = {
			isa = PBXNativeTarget;
			buildConfigurationList = D71EE8BB1EAF9FF1002DCEF8 /* Build configuration list for PBXNativeTarget "AirHockey" */;
			buildPhases = (
				D71EE89F1EAF9FF1002DCEF8 /* Sources */,
				D71EE8A01EAF9FF1002DCEF8 /* Frameworks */,
				D71EE8A11EAF9FF1002DCEF8 /* Resources */,
			);
			buildRules = (
			);
			dependencies = (
			);
			name = AirHockey;
			productName = AirHockey;
			productReference = D71EE8A31EAF9FF1002DCEF8 /* AirHockey.app */;
			productType = "com.apple.product-type.application";
		};
/* End PBXNativeTarget section */

/* Begin PBXProject section */
		D71EE89B1EAF9FF1002DCEF8 /* Project object */ = {
			isa = PBXProject;
			attributes = {
				LastSwiftUpdateCheck = 0830;
				LastUpgradeCheck = 0830;
				ORGANIZATIONNAME = "John Hersey High School";
				TargetAttributes = {
					D71EE8A21EAF9FF1002DCEF8 = {
						CreatedOnToolsVersion = 8.3.2;
						DevelopmentTeam = 22L9R8NETM;
						ProvisioningStyle = Automatic;
					};
				};
			};
			buildConfigurationList = D71EE89E1EAF9FF1002DCEF8 /* Build configuration list for PBXProject "AirHockey" */;
			compatibilityVersion = "Xcode 3.2";
			developmentRegion = English;
			hasScannedForEncodings = 0;
			knownRegions = (
				en,
				Base,
			);
			mainGroup = D71EE89A1EAF9FF1002DCEF8;
			productRefGroup = D71EE8A41EAF9FF1002DCEF8 /* Products */;
			projectDirPath = "";
			projectRoot = "";
			targets = (
				D71EE8A21EAF9FF1002DCEF8 /* AirHockey */,
			);
		};
/* End PBXProject section */

/* Begin PBXResourcesBuildPhase section */
		D71EE8A11EAF9FF1002DCEF8 /* Resources */ = {
			isa = PBXResourcesBuildPhase;
			buildActionMask = 2147483647;
			files = (
				D71EE8B21EAF9FF1002DCEF8 /* Main.storyboard in Resources */,
				D71EE8A91EAF9FF1002DCEF8 /* GameScene.sks in Resources */,
				D71EE8B41EAF9FF1002DCEF8 /* Assets.xcassets in Resources */,
				D71EE8B71EAF9FF1002DCEF8 /* LaunchScreen.storyboard in Resources */,
				D71EE8AB1EAF9FF1002DCEF8 /* Actions.sks in Resources */,
			);
			runOnlyForDeploymentPostprocessing = 0;
		};
/* End PBXResourcesBuildPhase section */

/* Begin PBXSourcesBuildPhase section */
		D71EE89F1EAF9FF1002DCEF8 /* Sources */ = {
			isa = PBXSourcesBuildPhase;
			buildActionMask = 2147483647;
			files = (
				D71EE8AD1EAF9FF1002DCEF8 /* GameScene.swift in Sources */,
				D71EE8AF1EAF9FF1002DCEF8 /* GameViewController.swift in Sources */,
				D71EE8A71EAF9FF1002DCEF8 /* AppDelegate.swift in Sources */,
			);
			runOnlyForDeploymentPostprocessing = 0;
		};
/* End PBXSourcesBuildPhase section */

/* Begin PBXVariantGroup section */
		D71EE8B01EAF9FF1002DCEF8 /* Main.storyboard */ = {
			isa = PBXVariantGroup;
			children = (
				D71EE8B11EAF9FF1002DCEF8 /* Base */,
			);
			name = Main.storyboard;
			sourceTree = "<group>";
		};
		D71EE8B51EAF9FF1002DCEF8 /* LaunchScreen.storyboard */ = {
			isa = PBXVariantGroup;
			children = (
				D71EE8B61EAF9FF1002DCEF8 /* Base */,
			);
			name = LaunchScreen.storyboard;
			sourceTree = "<group>";
		};
/* End PBXVariantGroup section */

/* Begin XCBuildConfiguration section */
		D71EE8B91EAF9FF1002DCEF8 /* Debug */ = {
			isa = XCBuildConfiguration;
			buildSettings = {
				ALWAYS_SEARCH_USER_PATHS = NO;
				CLANG_ANALYZER_NONNULL = YES;
				CLANG_ANALYZER_NUMBER_OBJECT_CONVERSION = YES_AGGRESSIVE;
				CLANG_CXX_LANGUAGE_STANDARD = "gnu++0x";
				CLANG_CXX_LIBRARY = "libc++";
				CLANG_ENABLE_MODULES = YES;
				CLANG_ENABLE_OBJC_ARC = YES;
				CLANG_WARN_BOOL_CONVERSION = YES;
				CLANG_WARN_CONSTANT_CONVERSION = YES;
				CLANG_WARN_DIRECT_OBJC_ISA_USAGE = YES_ERROR;
				CLANG_WARN_DOCUMENTATION_COMMENTS = YES;
				CLANG_WARN_EMPTY_BODY = YES;
				CLANG_WARN_ENUM_CONVERSION = YES;
				CLANG_WARN_INFINITE_RECURSION = YES;
				CLANG_WARN_INT_CONVERSION = YES;
				CLANG_WARN_OBJC_ROOT_CLASS = YES_ERROR;
				CLANG_WARN_SUSPICIOUS_MOVE = YES;
				CLANG_WARN_UNREACHABLE_CODE = YES;
				CLANG_WARN__DUPLICATE_METHOD_MATCH = YES;
				"CODE_SIGN_IDENTITY[sdk=iphoneos*]" = "iPhone Developer";
				COPY_PHASE_STRIP = NO;
				DEBUG_INFORMATION_FORMAT = dwarf;
				ENABLE_STRICT_OBJC_MSGSEND = YES;
				ENABLE_TESTABILITY = YES;
				GCC_C_LANGUAGE_STANDARD = gnu99;
				GCC_DYNAMIC_NO_PIC = NO;
				GCC_NO_COMMON_BLOCKS = YES;
				GCC_OPTIMIZATION_LEVEL = 0;
				GCC_PREPROCESSOR_DEFINITIONS = (
					"DEBUG=1",
					"$(inherited)",
				);
				GCC_WARN_64_TO_32_BIT_CONVERSION = YES;
				GCC_WARN_ABOUT_RETURN_TYPE = YES_ERROR;
				GCC_WARN_UNDECLARED_SELECTOR = YES;
				GCC_WARN_UNINITIALIZED_AUTOS = YES_AGGRESSIVE;
				GCC_WARN_UNUSED_FUNCTION = YES;
				GCC_WARN_UNUSED_VARIABLE = YES;
				IPHONEOS_DEPLOYMENT_TARGET = 10.3;
				MTL_ENABLE_DEBUG_INFO = YES;
				ONLY_ACTIVE_ARCH = YES;
				SDKROOT = iphoneos;
				SWIFT_ACTIVE_COMPILATION_CONDITIONS = DEBUG;
				SWIFT_OPTIMIZATION_LEVEL = "-Onone";
				TARGETED_DEVICE_FAMILY = "1,2";
			};
			name = Debug;
		};
		D71EE8BA1EAF9FF1002DCEF8 /* Release */ = {
			isa = XCBuildConfiguration;
			buildSettings = {
				ALWAYS_SEARCH_USER_PATHS = NO;
				CLANG_ANALYZER_NONNULL = YES;
				CLANG_ANALYZER_NUMBER_OBJECT_CONVERSION = YES_AGGRESSIVE;
				CLANG_CXX_LANGUAGE_STANDARD = "gnu++0x";
				CLANG_CXX_LIBRARY = "libc++";
				CLANG_ENABLE_MODULES = YES;
				CLANG_ENABLE_OBJC_ARC = YES;
				CLANG_WARN_BOOL_CONVERSION = YES;
				CLANG_WARN_CONSTANT_CONVERSION = YES;
				CLANG_WARN_DIRECT_OBJC_ISA_USAGE = YES_ERROR;
				CLANG_WARN_DOCUMENTATION_COMMENTS = YES;
				CLANG_WARN_EMPTY_BODY = YES;
				CLANG_WARN_ENUM_CONVERSION = YES;
				CLANG_WARN_INFINITE_RECURSION = YES;
				CLANG_WARN_INT_CONVERSION = YES;
				CLANG_WARN_OBJC_ROOT_CLASS = YES_ERROR;
				CLANG_WARN_SUSPICIOUS_MOVE = YES;
				CLANG_WARN_UNREACHABLE_CODE = YES;
				CLANG_WARN__DUPLICATE_METHOD_MATCH = YES;
				"CODE_SIGN_IDENTITY[sdk=iphoneos*]" = "iPhone Developer";
				COPY_PHASE_STRIP = NO;
				DEBUG_INFORMATION_FORMAT = "dwarf-with-dsym";
				ENABLE_NS_ASSERTIONS = NO;
				ENABLE_STRICT_OBJC_MSGSEND = YES;
				GCC_C_LANGUAGE_STANDARD = gnu99;
				GCC_NO_COMMON_BLOCKS = YES;
				GCC_WARN_64_TO_32_BIT_CONVERSION = YES;
				GCC_WARN_ABOUT_RETURN_TYPE = YES_ERROR;
				GCC_WARN_UNDECLARED_SELECTOR = YES;
				GCC_WARN_UNINITIALIZED_AUTOS = YES_AGGRESSIVE;
				GCC_WARN_UNUSED_FUNCTION = YES;
				GCC_WARN_UNUSED_VARIABLE = YES;
				IPHONEOS_DEPLOYMENT_TARGET = 10.3;
				MTL_ENABLE_DEBUG_INFO = NO;
				SDKROOT = iphoneos;
				SWIFT_OPTIMIZATION_LEVEL = "-Owholemodule";
				TARGETED_DEVICE_FAMILY = "1,2";
				VALIDATE_PRODUCT = YES;
			};
			name = Release;
		};
		D71EE8BC1EAF9FF1002DCEF8 /* Debug */ = {
			isa = XCBuildConfiguration;
			buildSettings = {
				ASSETCATALOG_COMPILER_APPICON_NAME = AppIcon;
				DEVELOPMENT_TEAM = 22L9R8NETM;
				INFOPLIST_FILE = AirHockey/Info.plist;
				LD_RUNPATH_SEARCH_PATHS = "$(inherited) @executable_path/Frameworks";
				PRODUCT_BUNDLE_IDENTIFIER = org.AirHockey;
				PRODUCT_NAME = "$(TARGET_NAME)";
				SWIFT_VERSION = 3.0;
				TARGETED_DEVICE_FAMILY = "1,2";
			};
			name = Debug;
		};
		D71EE8BD1EAF9FF1002DCEF8 /* Release */ = {
			isa = XCBuildConfiguration;
			buildSettings = {
				ASSETCATALOG_COMPILER_APPICON_NAME = AppIcon;
				DEVELOPMENT_TEAM = 22L9R8NETM;
				INFOPLIST_FILE = AirHockey/Info.plist;
				LD_RUNPATH_SEARCH_PATHS = "$(inherited) @executable_path/Frameworks";
				PRODUCT_BUNDLE_IDENTIFIER = org.AirHockey;
				PRODUCT_NAME = "$(TARGET_NAME)";
				SWIFT_VERSION = 3.0;
				TARGETED_DEVICE_FAMILY = "1,2";
			};
			name = Release;
		};
/* End XCBuildConfiguration section */

/* Begin XCConfigurationList section */
		D71EE89E1EAF9FF1002DCEF8 /* Build configuration list for PBXProject "AirHockey" */ = {
			isa = XCConfigurationList;
			buildConfigurations = (
				D71EE8B91EAF9FF1002DCEF8 /* Debug */,
				D71EE8BA1EAF9FF1002DCEF8 /* Release */,
			);
			defaultConfigurationIsVisible = 0;
			defaultConfigurationName = Release;
		};
		D71EE8BB1EAF9FF1002DCEF8 /* Build configuration list for PBXNativeTarget "AirHockey" */ = {
			isa = XCConfigurationList;
			buildConfigurations = (
				D71EE8BC1EAF9FF1002DCEF8 /* Debug */,
				D71EE8BD1EAF9FF1002DCEF8 /* Release */,
			);
			defaultConfigurationIsVisible = 0;
			defaultConfigurationName = Release;
		};
/* End XCConfigurationList section */
	};
	rootObject = D71EE89B1EAF9FF1002DCEF8 /* Project object */;
}
